
Microsoft Visual Studio Solution File, Format Version 12.00
# Visual Studio Version 16
VisualStudioVersion = 16.0.31321.278
MinimumVisualStudioVersion = 10.0.40219.1
Project("{FAE04EC0-301F-11D3-BF4B-00C04F79EFBC}") = "MoccaMaster", "MoccaMaster.csproj", "{3F1483A8-AC02-4D1E-BFDA-8ACE1C00EDCA}"
EndProject
Global
	GlobalSection(SolutionConfigurationPlatforms) = preSolution
		Debug|Any CPU = Debug|Any CPU
		Release|Any CPU = Release|Any CPU
	EndGlobalSection
	GlobalSection(ProjectConfigurationPlatforms) = postSolution
		{3F1483A8-AC02-4D1E-BFDA-8ACE1C00EDCA}.Debug|Any CPU.ActiveCfg = Debug|Any CPU
		{3F1483A8-AC02-4D1E-BFDA-8ACE1C00EDCA}.Debug|Any CPU.Build.0 = Debug|Any CPU
		{3F1483A8-AC02-4D1E-BFDA-8ACE1C00EDCA}.Release|Any CPU.ActiveCfg = Release|Any CPU
		{3F1483A8-AC02-4D1E-BFDA-8ACE1C00EDCA}.Release|Any CPU.Build.0 = Release|Any CPU
	EndGlobalSection
	GlobalSection(SolutionProperties) = preSolution
		HideSolutionNode = FALSE
	EndGlobalSection
	GlobalSection(ExtensibilityGlobals) = postSolution
		SolutionGuid = {2F06FC6B-8483-4545-8507-DF27E9FCCED5}
	EndGlobalSection
EndGlobal
